Microsoft Visual Studio Solution File, Format Version 12.00
# Visual Studio Version 17
VisualStudioVersion = 17.5.2.0
MinimumVisualStudioVersion = 10.0.40219.1
Project("{FAE04EC0-301F-11D3-BF4B-00C04F79EFBC}") = "TicTacToeGUI", "TicTacToeGUI.csproj", "{7B515E37-F426-927E-F3B3-AD62E3C1BB30}"
EndProject
Global
	GlobalSection(SolutionConfigurationPlatforms) = preSolution
		Debug|Any CPU = Debug|Any CPU
		Release|Any CPU = Release|Any CPU
	EndGlobalSection
	GlobalSection(ProjectConfigurationPlatforms) = postSolution
		{7B515E37-F426-927E-F3B3-AD62E3C1BB30}.Debug|Any CPU.ActiveCfg = Debug|Any CPU
		{7B515E37-F426-927E-F3B3-AD62E3C1BB30}.Debug|Any CPU.Build.0 = Debug|Any CPU
		{7B515E37-F426-927E-F3B3-AD62E3C1BB30}.Release|Any CPU.ActiveCfg = Release|Any CPU
		{7B515E37-F426-927E-F3B3-AD62E3C1BB30}.Release|Any CPU.Build.0 = Release|Any CPU
	EndGlobalSection
	GlobalSection(SolutionProperties) = preSolution
		HideSolutionNode = FALSE
	EndGlobalSection
	GlobalSection(ExtensibilityGlobals) = postSolution
		SolutionGuid = {EBD385A9-BA79-447B-ACE4-E8C51A792FA9}
	EndGlobalSection
EndGlobal
